// !$*UTF8*$!
{
	archiveVersion = 1;
	classes = {
	};
	objectVersion = 50;
	objects = {

/* Begin PBXBuildFile section */
		0549F1597C935D7A2931BB54 /* Pods_clubhouse.framework in Frameworks */ = {isa = PBXBuildFile; fileRef = AA268A496C2582FAA731B97E /* Pods_clubhouse.framework */; };
		3E06294423F627A800F1A9BD /* clubRegister1.swift in Sources */ = {isa = PBXBuildFile; fileRef = 3E06294323F627A800F1A9BD /* clubRegister1.swift */; };
		3E5A0E3123F71E22002CDB34 /* clubRegister2.swift in Sources */ = {isa = PBXBuildFile; fileRef = 3E5A0E3023F71E22002CDB34 /* clubRegister2.swift */; };
		3E7BC4C323F4CBFF00618F48 /* AppDelegate.swift in Sources */ = {isa = PBXBuildFile; fileRef = 3E7BC4C223F4CBFF00618F48 /* AppDelegate.swift */; };
		3E7BC4C523F4CBFF00618F48 /* SceneDelegate.swift in Sources */ = {isa = PBXBuildFile; fileRef = 3E7BC4C423F4CBFF00618F48 /* SceneDelegate.swift */; };
		3E7BC4C723F4CBFF00618F48 /* LoginHome.swift in Sources */ = {isa = PBXBuildFile; fileRef = 3E7BC4C623F4CBFF00618F48 /* LoginHome.swift */; };
		3E7BC4C923F4CC0300618F48 /* Assets.xcassets in Resources */ = {isa = PBXBuildFile; fileRef = 3E7BC4C823F4CC0300618F48 /* Assets.xcassets */; };
		3E7BC4CC23F4CC0300618F48 /* Preview Assets.xcassets in Resources */ = {isa = PBXBuildFile; fileRef = 3E7BC4CB23F4CC0300618F48 /* Preview Assets.xcassets */; };
		3E7BC4CF23F4CC0300618F48 /* LaunchScreen.storyboard in Resources */ = {isa = PBXBuildFile; fileRef = 3E7BC4CD23F4CC0300618F48 /* LaunchScreen.storyboard */; };
		3E7BC4DA23F4CC0400618F48 /* clubhouseTests.swift in Sources */ = {isa = PBXBuildFile; fileRef = 3E7BC4D923F4CC0400618F48 /* clubhouseTests.swift */; };
		3E7BC4E523F4CC0400618F48 /* clubhouseUITests.swift in Sources */ = {isa = PBXBuildFile; fileRef = 3E7BC4E423F4CC0400618F48 /* clubhouseUITests.swift */; };
		3E81AD1624084F0800A795A2 /* studentProfileEdit.swift in Sources */ = {isa = PBXBuildFile; fileRef = 3E81AD1524084F0800A795A2 /* studentProfileEdit.swift */; };
		3E99397C240745E6001B19AD /* imagePicker.swift in Sources */ = {isa = PBXBuildFile; fileRef = 3E99397B240745E6001B19AD /* imagePicker.swift */; };
		3E99397E240752CD001B19AD /* studentProfileHome.swift in Sources */ = {isa = PBXBuildFile; fileRef = 3E99397D240752CD001B19AD /* studentProfileHome.swift */; };
		3EAE851623F8E55D00951FEB /* clubRegister3.swift in Sources */ = {isa = PBXBuildFile; fileRef = 3EAE851523F8E55D00951FEB /* clubRegister3.swift */; };
		3EAE85552401F03D00951FEB /* studentRegister1.swift in Sources */ = {isa = PBXBuildFile; fileRef = 3EAE85542401F03D00951FEB /* studentRegister1.swift */; };
		3EAE85772401F2B400951FEB /* Roboto-Medium.ttf in Resources */ = {isa = PBXBuildFile; fileRef = 3EAE85592401F2B400951FEB /* Roboto-Medium.ttf */; };
		3EAE85782401F2B400951FEB /* Roboto-Light.ttf in Resources */ = {isa = PBXBuildFile; fileRef = 3EAE855A2401F2B400951FEB /* Roboto-Light.ttf */; };
		3EAE85792401F2B400951FEB /* Roboto-Light.ttf in Resources */ = {isa = PBXBuildFile; fileRef = 3EAE855B2401F2B400951FEB /* Roboto-Light.ttf */; };
		3EAE857A2401F2B400951FEB /* Montserrat-Medium.ttf in Resources */ = {isa = PBXBuildFile; fileRef = 3EAE855C2401F2B400951FEB /* Montserrat-Medium.ttf */; };
		3EAE857B2401F2B400951FEB /* Roboto-Regular.ttf in Resources */ = {isa = PBXBuildFile; fileRef = 3EAE855D2401F2B400951FEB /* Roboto-Regular.ttf */; };
		3EAE857C2401F2B400951FEB /* Roboto-MediumItalic.ttf in Resources */ = {isa = PBXBuildFile; fileRef = 3EAE855E2401F2B400951FEB /* Roboto-MediumItalic.ttf */; };
		3EAE857D2401F2B400951FEB /* Montserrat-SemiBoldItalic.ttf in Resources */ = {isa = PBXBuildFile; fileRef = 3EAE855F2401F2B400951FEB /* Montserrat-SemiBoldItalic.ttf */; };
		3EAE857E2401F2B400951FEB /* Montserrat-Light.ttf in Resources */ = {isa = PBXBuildFile; fileRef = 3EAE85602401F2B400951FEB /* Montserrat-Light.ttf */; };
		3EAE857F2401F2B400951FEB /* Montserrat-ThinItalic.ttf in Resources */ = {isa = PBXBuildFile; fileRef = 3EAE85612401F2B400951FEB /* Montserrat-ThinItalic.ttf */; };
		3EAE85802401F2B400951FEB /* Montserrat-ExtraLight.ttf in Resources */ = {isa = PBXBuildFile; fileRef = 3EAE85622401F2B400951FEB /* Montserrat-ExtraLight.ttf */; };
		3EAE85812401F2B400951FEB /* Montserrat-Thin.ttf in Resources */ = {isa = PBXBuildFile; fileRef = 3EAE85632401F2B400951FEB /* Montserrat-Thin.ttf */; };
		3EAE85822401F2B400951FEB /* Montserrat-Bold.ttf in Resources */ = {isa = PBXBuildFile; fileRef = 3EAE85642401F2B400951FEB /* Montserrat-Bold.ttf */; };
		3EAE85832401F2B400951FEB /* Montserrat-MediumItalic.ttf in Resources */ = {isa = PBXBuildFile; fileRef = 3EAE85652401F2B400951FEB /* Montserrat-MediumItalic.ttf */; };
		3EAE85842401F2B400951FEB /* Montserrat-BlackItalic.ttf in Resources */ = {isa = PBXBuildFile; fileRef = 3EAE85662401F2B400951FEB /* Montserrat-BlackItalic.ttf */; };
		3EAE85852401F2B400951FEB /* Montserrat-SemiBold.ttf in Resources */ = {isa = PBXBuildFile; fileRef = 3EAE85672401F2B400951FEB /* Montserrat-SemiBold.ttf */; };
		3EAE85862401F2B400951FEB /* Montserrat-ExtraLightItalic.ttf in Resources */ = {isa = PBXBuildFile; fileRef = 3EAE85682401F2B400951FEB /* Montserrat-ExtraLightItalic.ttf */; };
		3EAE85872401F2B400951FEB /* Montserrat-ExtraBold.ttf in Resources */ = {isa = PBXBuildFile; fileRef = 3EAE85692401F2B400951FEB /* Montserrat-ExtraBold.ttf */; };
		3EAE85882401F2B400951FEB /* Montserrat-ThinItalic.ttf in Resources */ = {isa = PBXBuildFile; fileRef = 3EAE856A2401F2B400951FEB /* Montserrat-ThinItalic.ttf */; };
		3EAE85892401F2B400951FEB /* Montserrat-BoldItalic.ttf in Resources */ = {isa = PBXBuildFile; fileRef = 3EAE856B2401F2B400951FEB /* Montserrat-BoldItalic.ttf */; };
		3EAE858A2401F2B400951FEB /* Montserrat-Black.ttf in Resources */ = {isa = PBXBuildFile; fileRef = 3EAE856C2401F2B400951FEB /* Montserrat-Black.ttf */; };
		3EAE858B2401F2B400951FEB /* Roboto-LightItalic.ttf in Resources */ = {isa = PBXBuildFile; fileRef = 3EAE856D2401F2B400951FEB /* Roboto-LightItalic.ttf */; };
		3EAE858C2401F2B400951FEB /* Montserrat-Regular.ttf in Resources */ = {isa = PBXBuildFile; fileRef = 3EAE856E2401F2B400951FEB /* Montserrat-Regular.ttf */; };
		3EAE858D2401F2B400951FEB /* Montserrat-Italic.ttf in Resources */ = {isa = PBXBuildFile; fileRef = 3EAE856F2401F2B400951FEB /* Montserrat-Italic.ttf */; };
		3EAE858E2401F2B400951FEB /* Roboto-Italic.ttf in Resources */ = {isa = PBXBuildFile; fileRef = 3EAE85702401F2B400951FEB /* Roboto-Italic.ttf */; };
		3EAE858F2401F2B400951FEB /* Roboto-BlackItalic.ttf in Resources */ = {isa = PBXBuildFile; fileRef = 3EAE85712401F2B400951FEB /* Roboto-BlackItalic.ttf */; };
		3EAE85902401F2B400951FEB /* Roboto-Bold.ttf in Resources */ = {isa = PBXBuildFile; fileRef = 3EAE85722401F2B400951FEB /* Roboto-Bold.ttf */; };
		3EAE85912401F2B400951FEB /* Roboto-Thin.ttf in Resources */ = {isa = PBXBuildFile; fileRef = 3EAE85732401F2B400951FEB /* Roboto-Thin.ttf */; };
		3EAE85922401F2B400951FEB /* Roboto-Black.ttf in Resources */ = {isa = PBXBuildFile; fileRef = 3EAE85742401F2B400951FEB /* Roboto-Black.ttf */; };
		3EAE85932401F2B400951FEB /* Montserrat-SemiBoldItalic.ttf in Resources */ = {isa = PBXBuildFile; fileRef = 3EAE85752401F2B400951FEB /* Montserrat-SemiBoldItalic.ttf */; };
		3EAE85942401F2B400951FEB /* Montserrat-ExtraBoldItalic.ttf in Resources */ = {isa = PBXBuildFile; fileRef = 3EAE85762401F2B400951FEB /* Montserrat-ExtraBoldItalic.ttf */; };
		3EAE85972401F6E000951FEB /* studentRegister2.swift in Sources */ = {isa = PBXBuildFile; fileRef = 3EAE85962401F6E000951FEB /* studentRegister2.swift */; };
		3ED88FEA23F4D1B600EF3C0F /* clubProfileEdit.swift in Sources */ = {isa = PBXBuildFile; fileRef = 3ED88FE923F4D1B600EF3C0F /* clubProfileEdit.swift */; };
		3ED88FEC23F4DF3E00EF3C0F /* clubProfileHome.swift in Sources */ = {isa = PBXBuildFile; fileRef = 3ED88FEB23F4DF3E00EF3C0F /* clubProfileHome.swift */; };
<<<<<<< HEAD
		8A8285D16C1FAA757FB00676 /* Pods_clubhouseTests.framework in Frameworks */ = {isa = PBXBuildFile; fileRef = A70E5CC32885FF669C7900C2 /* Pods_clubhouseTests.framework */; };
		CB642DE05C3C3C5066762A7F /* Pods_clubhouse_clubhouseUITests.framework in Frameworks */ = {isa = PBXBuildFile; fileRef = A74A0528C8AC8F8B959B82E2 /* Pods_clubhouse_clubhouseUITests.framework */; };
		FF795CE52400AB820065E39E /* GoogleService-Info.plist in Resources */ = {isa = PBXBuildFile; fileRef = FF795CE42400AB820065E39E /* GoogleService-Info.plist */; };
		FF795CE72400ABD00065E39E /* GoogleService-Info.plist in Resources */ = {isa = PBXBuildFile; fileRef = FF795CE62400ABD00065E39E /* GoogleService-Info.plist */; };
		FF795CE82400ABD00065E39E /* GoogleService-Info.plist in Resources */ = {isa = PBXBuildFile; fileRef = FF795CE62400ABD00065E39E /* GoogleService-Info.plist */; };
		FF795CEA2400ABE30065E39E /* GoogleService-Info.plist in Resources */ = {isa = PBXBuildFile; fileRef = FF795CE92400ABE30065E39E /* GoogleService-Info.plist */; };
		FF795CEB2400ABE30065E39E /* GoogleService-Info.plist in Resources */ = {isa = PBXBuildFile; fileRef = FF795CE92400ABE30065E39E /* GoogleService-Info.plist */; };
=======
		E25B6D94240883E20069FFC2 /* circleImage.swift in Sources */ = {isa = PBXBuildFile; fileRef = E25B6D92240883E10069FFC2 /* circleImage.swift */; };
		E25B6D95240883E20069FFC2 /* studentExplore.swift in Sources */ = {isa = PBXBuildFile; fileRef = E25B6D93240883E10069FFC2 /* studentExplore.swift */; };
>>>>>>> d3e7bf3b1ac7aa401fdfe4ad663be92d15660657
/* End PBXBuildFile section */

/* Begin PBXContainerItemProxy section */
		3E7BC4D623F4CC0400618F48 /* PBXContainerItemProxy */ = {
			isa = PBXContainerItemProxy;
			containerPortal = 3E7BC4B723F4CBFF00618F48 /* Project object */;
			proxyType = 1;
			remoteGlobalIDString = 3E7BC4BE23F4CBFF00618F48;
			remoteInfo = clubhouse;
		};
		3E7BC4E123F4CC0400618F48 /* PBXContainerItemProxy */ = {
			isa = PBXContainerItemProxy;
			containerPortal = 3E7BC4B723F4CBFF00618F48 /* Project object */;
			proxyType = 1;
			remoteGlobalIDString = 3E7BC4BE23F4CBFF00618F48;
			remoteInfo = clubhouse;
		};
/* End PBXContainerItemProxy section */

/* Begin PBXFileReference section */
		3E06294323F627A800F1A9BD /* clubRegister1.swift */ = {isa = PBXFileReference; lastKnownFileType = sourcecode.swift; path = clubRegister1.swift; sourceTree = "<group>"; };
		3E5A0E3023F71E22002CDB34 /* clubRegister2.swift */ = {isa = PBXFileReference; lastKnownFileType = sourcecode.swift; path = clubRegister2.swift; sourceTree = "<group>"; };
		3E7BC4BF23F4CBFF00618F48 /* clubhouse.app */ = {isa = PBXFileReference; explicitFileType = wrapper.application; includeInIndex = 0; path = clubhouse.app; sourceTree = BUILT_PRODUCTS_DIR; };
		3E7BC4C223F4CBFF00618F48 /* AppDelegate.swift */ = {isa = PBXFileReference; lastKnownFileType = sourcecode.swift; path = AppDelegate.swift; sourceTree = "<group>"; };
		3E7BC4C423F4CBFF00618F48 /* SceneDelegate.swift */ = {isa = PBXFileReference; lastKnownFileType = sourcecode.swift; path = SceneDelegate.swift; sourceTree = "<group>"; };
		3E7BC4C623F4CBFF00618F48 /* LoginHome.swift */ = {isa = PBXFileReference; lastKnownFileType = sourcecode.swift; path = LoginHome.swift; sourceTree = "<group>"; };
		3E7BC4C823F4CC0300618F48 /* Assets.xcassets */ = {isa = PBXFileReference; lastKnownFileType = folder.assetcatalog; path = Assets.xcassets; sourceTree = "<group>"; };
		3E7BC4CB23F4CC0300618F48 /* Preview Assets.xcassets */ = {isa = PBXFileReference; lastKnownFileType = folder.assetcatalog; path = "Preview Assets.xcassets"; sourceTree = "<group>"; };
		3E7BC4CE23F4CC0300618F48 /* Base */ = {isa = PBXFileReference; lastKnownFileType = file.storyboard; name = Base; path = Base.lproj/LaunchScreen.storyboard; sourceTree = "<group>"; };
		3E7BC4D023F4CC0300618F48 /* Info.plist */ = {isa = PBXFileReference; lastKnownFileType = text.plist.xml; path = Info.plist; sourceTree = "<group>"; };
		3E7BC4D523F4CC0400618F48 /* clubhouseTests.xctest */ = {isa = PBXFileReference; explicitFileType = wrapper.cfbundle; includeInIndex = 0; path = clubhouseTests.xctest; sourceTree = BUILT_PRODUCTS_DIR; };
		3E7BC4D923F4CC0400618F48 /* clubhouseTests.swift */ = {isa = PBXFileReference; lastKnownFileType = sourcecode.swift; path = clubhouseTests.swift; sourceTree = "<group>"; };
		3E7BC4DB23F4CC0400618F48 /* Info.plist */ = {isa = PBXFileReference; lastKnownFileType = text.plist.xml; path = Info.plist; sourceTree = "<group>"; };
		3E7BC4E023F4CC0400618F48 /* clubhouseUITests.xctest */ = {isa = PBXFileReference; explicitFileType = wrapper.cfbundle; includeInIndex = 0; path = clubhouseUITests.xctest; sourceTree = BUILT_PRODUCTS_DIR; };
		3E7BC4E423F4CC0400618F48 /* clubhouseUITests.swift */ = {isa = PBXFileReference; lastKnownFileType = sourcecode.swift; path = clubhouseUITests.swift; sourceTree = "<group>"; };
		3E7BC4E623F4CC0400618F48 /* Info.plist */ = {isa = PBXFileReference; lastKnownFileType = text.plist.xml; path = Info.plist; sourceTree = "<group>"; };
		3E81AD1524084F0800A795A2 /* studentProfileEdit.swift */ = {isa = PBXFileReference; lastKnownFileType = sourcecode.swift; path = studentProfileEdit.swift; sourceTree = "<group>"; };
		3E99397B240745E6001B19AD /* imagePicker.swift */ = {isa = PBXFileReference; lastKnownFileType = sourcecode.swift; path = imagePicker.swift; sourceTree = "<group>"; };
		3E99397D240752CD001B19AD /* studentProfileHome.swift */ = {isa = PBXFileReference; lastKnownFileType = sourcecode.swift; path = studentProfileHome.swift; sourceTree = "<group>"; };
		3EAE851523F8E55D00951FEB /* clubRegister3.swift */ = {isa = PBXFileReference; lastKnownFileType = sourcecode.swift; path = clubRegister3.swift; sourceTree = "<group>"; };
		3EAE85542401F03D00951FEB /* studentRegister1.swift */ = {isa = PBXFileReference; lastKnownFileType = sourcecode.swift; path = studentRegister1.swift; sourceTree = "<group>"; };
		3EAE85592401F2B400951FEB /* Roboto-Medium.ttf */ = {isa = PBXFileReference; lastKnownFileType = file; name = "Roboto-Medium.ttf"; path = "Fonts/Roboto-Medium.ttf"; sourceTree = "<group>"; };
		3EAE855A2401F2B400951FEB /* Roboto-Light.ttf */ = {isa = PBXFileReference; lastKnownFileType = file; name = "Roboto-Light.ttf"; path = "Fonts/Roboto-Light.ttf"; sourceTree = "<group>"; };
		3EAE855B2401F2B400951FEB /* Roboto-Light.ttf */ = {isa = PBXFileReference; lastKnownFileType = file; name = "Roboto-Light.ttf"; path = "Fonts/Roboto-Light.ttf"; sourceTree = "<group>"; };
		3EAE855C2401F2B400951FEB /* Montserrat-Medium.ttf */ = {isa = PBXFileReference; lastKnownFileType = file; name = "Montserrat-Medium.ttf"; path = "Fonts/Montserrat-Medium.ttf"; sourceTree = "<group>"; };
		3EAE855D2401F2B400951FEB /* Roboto-Regular.ttf */ = {isa = PBXFileReference; lastKnownFileType = file; name = "Roboto-Regular.ttf"; path = "Fonts/Roboto-Regular.ttf"; sourceTree = "<group>"; };
		3EAE855E2401F2B400951FEB /* Roboto-MediumItalic.ttf */ = {isa = PBXFileReference; lastKnownFileType = file; name = "Roboto-MediumItalic.ttf"; path = "Fonts/Roboto-MediumItalic.ttf"; sourceTree = "<group>"; };
		3EAE855F2401F2B400951FEB /* Montserrat-SemiBoldItalic.ttf */ = {isa = PBXFileReference; lastKnownFileType = file; name = "Montserrat-SemiBoldItalic.ttf"; path = "Fonts/Montserrat-SemiBoldItalic.ttf"; sourceTree = "<group>"; };
		3EAE85602401F2B400951FEB /* Montserrat-Light.ttf */ = {isa = PBXFileReference; lastKnownFileType = file; name = "Montserrat-Light.ttf"; path = "Fonts/Montserrat-Light.ttf"; sourceTree = "<group>"; };
		3EAE85612401F2B400951FEB /* Montserrat-ThinItalic.ttf */ = {isa = PBXFileReference; lastKnownFileType = file; name = "Montserrat-ThinItalic.ttf"; path = "Fonts/Montserrat-ThinItalic.ttf"; sourceTree = "<group>"; };
		3EAE85622401F2B400951FEB /* Montserrat-ExtraLight.ttf */ = {isa = PBXFileReference; lastKnownFileType = file; name = "Montserrat-ExtraLight.ttf"; path = "Fonts/Montserrat-ExtraLight.ttf"; sourceTree = "<group>"; };
		3EAE85632401F2B400951FEB /* Montserrat-Thin.ttf */ = {isa = PBXFileReference; lastKnownFileType = file; name = "Montserrat-Thin.ttf"; path = "Fonts/Montserrat-Thin.ttf"; sourceTree = "<group>"; };
		3EAE85642401F2B400951FEB /* Montserrat-Bold.ttf */ = {isa = PBXFileReference; lastKnownFileType = file; name = "Montserrat-Bold.ttf"; path = "Fonts/Montserrat-Bold.ttf"; sourceTree = "<group>"; };
		3EAE85652401F2B400951FEB /* Montserrat-MediumItalic.ttf */ = {isa = PBXFileReference; lastKnownFileType = file; name = "Montserrat-MediumItalic.ttf"; path = "Fonts/Montserrat-MediumItalic.ttf"; sourceTree = "<group>"; };
		3EAE85662401F2B400951FEB /* Montserrat-BlackItalic.ttf */ = {isa = PBXFileReference; lastKnownFileType = file; name = "Montserrat-BlackItalic.ttf"; path = "Fonts/Montserrat-BlackItalic.ttf"; sourceTree = "<group>"; };
		3EAE85672401F2B400951FEB /* Montserrat-SemiBold.ttf */ = {isa = PBXFileReference; lastKnownFileType = file; name = "Montserrat-SemiBold.ttf"; path = "Fonts/Montserrat-SemiBold.ttf"; sourceTree = "<group>"; };
		3EAE85682401F2B400951FEB /* Montserrat-ExtraLightItalic.ttf */ = {isa = PBXFileReference; lastKnownFileType = file; name = "Montserrat-ExtraLightItalic.ttf"; path = "Fonts/Montserrat-ExtraLightItalic.ttf"; sourceTree = "<group>"; };
		3EAE85692401F2B400951FEB /* Montserrat-ExtraBold.ttf */ = {isa = PBXFileReference; lastKnownFileType = file; name = "Montserrat-ExtraBold.ttf"; path = "Fonts/Montserrat-ExtraBold.ttf"; sourceTree = "<group>"; };
		3EAE856A2401F2B400951FEB /* Montserrat-ThinItalic.ttf */ = {isa = PBXFileReference; lastKnownFileType = file; name = "Montserrat-ThinItalic.ttf"; path = "Fonts/Montserrat-ThinItalic.ttf"; sourceTree = "<group>"; };
		3EAE856B2401F2B400951FEB /* Montserrat-BoldItalic.ttf */ = {isa = PBXFileReference; lastKnownFileType = file; name = "Montserrat-BoldItalic.ttf"; path = "Fonts/Montserrat-BoldItalic.ttf"; sourceTree = "<group>"; };
		3EAE856C2401F2B400951FEB /* Montserrat-Black.ttf */ = {isa = PBXFileReference; lastKnownFileType = file; name = "Montserrat-Black.ttf"; path = "Fonts/Montserrat-Black.ttf"; sourceTree = "<group>"; };
		3EAE856D2401F2B400951FEB /* Roboto-LightItalic.ttf */ = {isa = PBXFileReference; lastKnownFileType = file; name = "Roboto-LightItalic.ttf"; path = "Fonts/Roboto-LightItalic.ttf"; sourceTree = "<group>"; };
		3EAE856E2401F2B400951FEB /* Montserrat-Regular.ttf */ = {isa = PBXFileReference; lastKnownFileType = file; name = "Montserrat-Regular.ttf"; path = "Fonts/Montserrat-Regular.ttf"; sourceTree = "<group>"; };
		3EAE856F2401F2B400951FEB /* Montserrat-Italic.ttf */ = {isa = PBXFileReference; lastKnownFileType = file; name = "Montserrat-Italic.ttf"; path = "Fonts/Montserrat-Italic.ttf"; sourceTree = "<group>"; };
		3EAE85702401F2B400951FEB /* Roboto-Italic.ttf */ = {isa = PBXFileReference; lastKnownFileType = file; name = "Roboto-Italic.ttf"; path = "Fonts/Roboto-Italic.ttf"; sourceTree = "<group>"; };
		3EAE85712401F2B400951FEB /* Roboto-BlackItalic.ttf */ = {isa = PBXFileReference; lastKnownFileType = file; name = "Roboto-BlackItalic.ttf"; path = "Fonts/Roboto-BlackItalic.ttf"; sourceTree = "<group>"; };
		3EAE85722401F2B400951FEB /* Roboto-Bold.ttf */ = {isa = PBXFileReference; lastKnownFileType = file; name = "Roboto-Bold.ttf"; path = "Fonts/Roboto-Bold.ttf"; sourceTree = "<group>"; };
		3EAE85732401F2B400951FEB /* Roboto-Thin.ttf */ = {isa = PBXFileReference; lastKnownFileType = file; name = "Roboto-Thin.ttf"; path = "Fonts/Roboto-Thin.ttf"; sourceTree = "<group>"; };
		3EAE85742401F2B400951FEB /* Roboto-Black.ttf */ = {isa = PBXFileReference; lastKnownFileType = file; name = "Roboto-Black.ttf"; path = "Fonts/Roboto-Black.ttf"; sourceTree = "<group>"; };
		3EAE85752401F2B400951FEB /* Montserrat-SemiBoldItalic.ttf */ = {isa = PBXFileReference; lastKnownFileType = file; name = "Montserrat-SemiBoldItalic.ttf"; path = "Fonts/Montserrat-SemiBoldItalic.ttf"; sourceTree = "<group>"; };
		3EAE85762401F2B400951FEB /* Montserrat-ExtraBoldItalic.ttf */ = {isa = PBXFileReference; lastKnownFileType = file; name = "Montserrat-ExtraBoldItalic.ttf"; path = "Fonts/Montserrat-ExtraBoldItalic.ttf"; sourceTree = "<group>"; };
		3EAE85962401F6E000951FEB /* studentRegister2.swift */ = {isa = PBXFileReference; lastKnownFileType = sourcecode.swift; path = studentRegister2.swift; sourceTree = "<group>"; };
		3ED88FE923F4D1B600EF3C0F /* clubProfileEdit.swift */ = {isa = PBXFileReference; lastKnownFileType = sourcecode.swift; path = clubProfileEdit.swift; sourceTree = "<group>"; };
		3ED88FEB23F4DF3E00EF3C0F /* clubProfileHome.swift */ = {isa = PBXFileReference; lastKnownFileType = sourcecode.swift; path = clubProfileHome.swift; sourceTree = "<group>"; };
<<<<<<< HEAD
		47BB43857908AEDE0E0B0B03 /* Pods-clubhouseTests.release.xcconfig */ = {isa = PBXFileReference; includeInIndex = 1; lastKnownFileType = text.xcconfig; name = "Pods-clubhouseTests.release.xcconfig"; path = "Target Support Files/Pods-clubhouseTests/Pods-clubhouseTests.release.xcconfig"; sourceTree = "<group>"; };
		623969A0400A8087F1A26CF8 /* Pods-clubhouse.debug.xcconfig */ = {isa = PBXFileReference; includeInIndex = 1; lastKnownFileType = text.xcconfig; name = "Pods-clubhouse.debug.xcconfig"; path = "Target Support Files/Pods-clubhouse/Pods-clubhouse.debug.xcconfig"; sourceTree = "<group>"; };
		6BA7E73E036933971C3F3650 /* Pods-clubhouse-clubhouseUITests.release.xcconfig */ = {isa = PBXFileReference; includeInIndex = 1; lastKnownFileType = text.xcconfig; name = "Pods-clubhouse-clubhouseUITests.release.xcconfig"; path = "Target Support Files/Pods-clubhouse-clubhouseUITests/Pods-clubhouse-clubhouseUITests.release.xcconfig"; sourceTree = "<group>"; };
		7DB8387FFAE5A97E058B61E8 /* Pods-clubhouse-clubhouseUITests.debug.xcconfig */ = {isa = PBXFileReference; includeInIndex = 1; lastKnownFileType = text.xcconfig; name = "Pods-clubhouse-clubhouseUITests.debug.xcconfig"; path = "Target Support Files/Pods-clubhouse-clubhouseUITests/Pods-clubhouse-clubhouseUITests.debug.xcconfig"; sourceTree = "<group>"; };
		7DD8C11EEA3EDB8124960665 /* Pods-clubhouseTests.debug.xcconfig */ = {isa = PBXFileReference; includeInIndex = 1; lastKnownFileType = text.xcconfig; name = "Pods-clubhouseTests.debug.xcconfig"; path = "Target Support Files/Pods-clubhouseTests/Pods-clubhouseTests.debug.xcconfig"; sourceTree = "<group>"; };
		8870ECF0217FD4AC7DBDB864 /* Pods-clubhouse.release.xcconfig */ = {isa = PBXFileReference; includeInIndex = 1; lastKnownFileType = text.xcconfig; name = "Pods-clubhouse.release.xcconfig"; path = "Target Support Files/Pods-clubhouse/Pods-clubhouse.release.xcconfig"; sourceTree = "<group>"; };
		A70E5CC32885FF669C7900C2 /* Pods_clubhouseTests.framework */ = {isa = PBXFileReference; explicitFileType = wrapper.framework; includeInIndex = 0; path = Pods_clubhouseTests.framework; sourceTree = BUILT_PRODUCTS_DIR; };
		A74A0528C8AC8F8B959B82E2 /* Pods_clubhouse_clubhouseUITests.framework */ = {isa = PBXFileReference; explicitFileType = wrapper.framework; includeInIndex = 0; path = Pods_clubhouse_clubhouseUITests.framework; sourceTree = BUILT_PRODUCTS_DIR; };
		AA268A496C2582FAA731B97E /* Pods_clubhouse.framework */ = {isa = PBXFileReference; explicitFileType = wrapper.framework; includeInIndex = 0; path = Pods_clubhouse.framework; sourceTree = BUILT_PRODUCTS_DIR; };
		FF795CE42400AB820065E39E /* GoogleService-Info.plist */ = {isa = PBXFileReference; fileEncoding = 4; lastKnownFileType = text.plist.xml; path = "GoogleService-Info.plist"; sourceTree = "<group>"; };
		FF795CE62400ABD00065E39E /* GoogleService-Info.plist */ = {isa = PBXFileReference; fileEncoding = 4; lastKnownFileType = text.plist.xml; path = "GoogleService-Info.plist"; sourceTree = "<group>"; };
		FF795CE92400ABE30065E39E /* GoogleService-Info.plist */ = {isa = PBXFileReference; fileEncoding = 4; lastKnownFileType = text.plist.xml; path = "GoogleService-Info.plist"; sourceTree = "<group>"; };
=======
		E25B6D92240883E10069FFC2 /* circleImage.swift */ = {isa = PBXFileReference; fileEncoding = 4; lastKnownFileType = sourcecode.swift; path = circleImage.swift; sourceTree = "<group>"; };
		E25B6D93240883E10069FFC2 /* studentExplore.swift */ = {isa = PBXFileReference; fileEncoding = 4; lastKnownFileType = sourcecode.swift; path = studentExplore.swift; sourceTree = "<group>"; };
>>>>>>> d3e7bf3b1ac7aa401fdfe4ad663be92d15660657
/* End PBXFileReference section */

/* Begin PBXFrameworksBuildPhase section */
		3E7BC4BC23F4CBFF00618F48 /* Frameworks */ = {
			isa = PBXFrameworksBuildPhase;
			buildActionMask = 2147483647;
			files = (
				0549F1597C935D7A2931BB54 /* Pods_clubhouse.framework in Frameworks */,
			);
			runOnlyForDeploymentPostprocessing = 0;
		};
		3E7BC4D223F4CC0400618F48 /* Frameworks */ = {
			isa = PBXFrameworksBuildPhase;
			buildActionMask = 2147483647;
			files = (
				8A8285D16C1FAA757FB00676 /* Pods_clubhouseTests.framework in Frameworks */,
			);
			runOnlyForDeploymentPostprocessing = 0;
		};
		3E7BC4DD23F4CC0400618F48 /* Frameworks */ = {
			isa = PBXFrameworksBuildPhase;
			buildActionMask = 2147483647;
			files = (
				CB642DE05C3C3C5066762A7F /* Pods_clubhouse_clubhouseUITests.framework in Frameworks */,
			);
			runOnlyForDeploymentPostprocessing = 0;
		};
/* End PBXFrameworksBuildPhase section */

/* Begin PBXGroup section */
		27B34DB9EC90AC8CAB2FE57F /* Frameworks */ = {
			isa = PBXGroup;
			children = (
				AA268A496C2582FAA731B97E /* Pods_clubhouse.framework */,
				A74A0528C8AC8F8B959B82E2 /* Pods_clubhouse_clubhouseUITests.framework */,
				A70E5CC32885FF669C7900C2 /* Pods_clubhouseTests.framework */,
			);
			name = Frameworks;
			sourceTree = "<group>";
		};
		3E7BC4B623F4CBFF00618F48 = {
			isa = PBXGroup;
			children = (
				3EAE85582401F2B400951FEB /* Fonts */,
				3E7BC4C123F4CBFF00618F48 /* clubhouse */,
				3E7BC4D823F4CC0400618F48 /* clubhouseTests */,
				3E7BC4E323F4CC0400618F48 /* clubhouseUITests */,
				3E7BC4C023F4CBFF00618F48 /* Products */,
				AED93AD38CCE14AFB0576B48 /* Pods */,
				27B34DB9EC90AC8CAB2FE57F /* Frameworks */,
			);
			sourceTree = "<group>";
		};
		3E7BC4C023F4CBFF00618F48 /* Products */ = {
			isa = PBXGroup;
			children = (
				3E7BC4BF23F4CBFF00618F48 /* clubhouse.app */,
				3E7BC4D523F4CC0400618F48 /* clubhouseTests.xctest */,
				3E7BC4E023F4CC0400618F48 /* clubhouseUITests.xctest */,
			);
			name = Products;
			sourceTree = "<group>";
		};
		3E7BC4C123F4CBFF00618F48 /* clubhouse */ = {
			isa = PBXGroup;
			children = (
				3E7BC4C223F4CBFF00618F48 /* AppDelegate.swift */,
				3EAE85542401F03D00951FEB /* studentRegister1.swift */,
				E25B6D92240883E10069FFC2 /* circleImage.swift */,
				E25B6D93240883E10069FFC2 /* studentExplore.swift */,
				3EAE85962401F6E000951FEB /* studentRegister2.swift */,
				3E99397B240745E6001B19AD /* imagePicker.swift */,
				3E06294323F627A800F1A9BD /* clubRegister1.swift */,
				3E5A0E3023F71E22002CDB34 /* clubRegister2.swift */,
				3EAE851523F8E55D00951FEB /* clubRegister3.swift */,
				3ED88FE923F4D1B600EF3C0F /* clubProfileEdit.swift */,
				3ED88FEB23F4DF3E00EF3C0F /* clubProfileHome.swift */,
				3E99397D240752CD001B19AD /* studentProfileHome.swift */,
				3E81AD1524084F0800A795A2 /* studentProfileEdit.swift */,
				3E7BC4C623F4CBFF00618F48 /* LoginHome.swift */,
				3E7BC4C423F4CBFF00618F48 /* SceneDelegate.swift */,
				3E7BC4C823F4CC0300618F48 /* Assets.xcassets */,
				3E7BC4CD23F4CC0300618F48 /* LaunchScreen.storyboard */,
				3E7BC4D023F4CC0300618F48 /* Info.plist */,
				FF795CE42400AB820065E39E /* GoogleService-Info.plist */,
				3E7BC4CA23F4CC0300618F48 /* Preview Content */,
			);
			path = clubhouse;
			sourceTree = "<group>";
		};
		3E7BC4CA23F4CC0300618F48 /* Preview Content */ = {
			isa = PBXGroup;
			children = (
				3E7BC4CB23F4CC0300618F48 /* Preview Assets.xcassets */,
			);
			path = "Preview Content";
			sourceTree = "<group>";
		};
		3E7BC4D823F4CC0400618F48 /* clubhouseTests */ = {
			isa = PBXGroup;
			children = (
				3E7BC4D923F4CC0400618F48 /* clubhouseTests.swift */,
				3E7BC4DB23F4CC0400618F48 /* Info.plist */,
				FF795CE62400ABD00065E39E /* GoogleService-Info.plist */,
			);
			path = clubhouseTests;
			sourceTree = "<group>";
		};
		3E7BC4E323F4CC0400618F48 /* clubhouseUITests */ = {
			isa = PBXGroup;
			children = (
				3E7BC4E423F4CC0400618F48 /* clubhouseUITests.swift */,
				3E7BC4E623F4CC0400618F48 /* Info.plist */,
				FF795CE92400ABE30065E39E /* GoogleService-Info.plist */,
			);
			path = clubhouseUITests;
			sourceTree = "<group>";
		};
<<<<<<< HEAD
		AED93AD38CCE14AFB0576B48 /* Pods */ = {
			isa = PBXGroup;
			children = (
				623969A0400A8087F1A26CF8 /* Pods-clubhouse.debug.xcconfig */,
				8870ECF0217FD4AC7DBDB864 /* Pods-clubhouse.release.xcconfig */,
				7DB8387FFAE5A97E058B61E8 /* Pods-clubhouse-clubhouseUITests.debug.xcconfig */,
				6BA7E73E036933971C3F3650 /* Pods-clubhouse-clubhouseUITests.release.xcconfig */,
				7DD8C11EEA3EDB8124960665 /* Pods-clubhouseTests.debug.xcconfig */,
				47BB43857908AEDE0E0B0B03 /* Pods-clubhouseTests.release.xcconfig */,
			);
			name = Pods;
			path = Pods;
=======
		3EAE85582401F2B400951FEB /* Fonts */ = {
			isa = PBXGroup;
			children = (
				3EAE85592401F2B400951FEB /* Roboto-Medium.ttf */,
				3EAE855A2401F2B400951FEB /* Roboto-Light.ttf */,
				3EAE855B2401F2B400951FEB /* Roboto-Light.ttf */,
				3EAE855C2401F2B400951FEB /* Montserrat-Medium.ttf */,
				3EAE855D2401F2B400951FEB /* Roboto-Regular.ttf */,
				3EAE855E2401F2B400951FEB /* Roboto-MediumItalic.ttf */,
				3EAE855F2401F2B400951FEB /* Montserrat-SemiBoldItalic.ttf */,
				3EAE85602401F2B400951FEB /* Montserrat-Light.ttf */,
				3EAE85612401F2B400951FEB /* Montserrat-ThinItalic.ttf */,
				3EAE85622401F2B400951FEB /* Montserrat-ExtraLight.ttf */,
				3EAE85632401F2B400951FEB /* Montserrat-Thin.ttf */,
				3EAE85642401F2B400951FEB /* Montserrat-Bold.ttf */,
				3EAE85652401F2B400951FEB /* Montserrat-MediumItalic.ttf */,
				3EAE85662401F2B400951FEB /* Montserrat-BlackItalic.ttf */,
				3EAE85672401F2B400951FEB /* Montserrat-SemiBold.ttf */,
				3EAE85682401F2B400951FEB /* Montserrat-ExtraLightItalic.ttf */,
				3EAE85692401F2B400951FEB /* Montserrat-ExtraBold.ttf */,
				3EAE856A2401F2B400951FEB /* Montserrat-ThinItalic.ttf */,
				3EAE856B2401F2B400951FEB /* Montserrat-BoldItalic.ttf */,
				3EAE856C2401F2B400951FEB /* Montserrat-Black.ttf */,
				3EAE856D2401F2B400951FEB /* Roboto-LightItalic.ttf */,
				3EAE856E2401F2B400951FEB /* Montserrat-Regular.ttf */,
				3EAE856F2401F2B400951FEB /* Montserrat-Italic.ttf */,
				3EAE85702401F2B400951FEB /* Roboto-Italic.ttf */,
				3EAE85712401F2B400951FEB /* Roboto-BlackItalic.ttf */,
				3EAE85722401F2B400951FEB /* Roboto-Bold.ttf */,
				3EAE85732401F2B400951FEB /* Roboto-Thin.ttf */,
				3EAE85742401F2B400951FEB /* Roboto-Black.ttf */,
				3EAE85752401F2B400951FEB /* Montserrat-SemiBoldItalic.ttf */,
				3EAE85762401F2B400951FEB /* Montserrat-ExtraBoldItalic.ttf */,
			);
			name = Fonts;
>>>>>>> d3e7bf3b1ac7aa401fdfe4ad663be92d15660657
			sourceTree = "<group>";
		};
/* End PBXGroup section */

/* Begin PBXNativeTarget section */
		3E7BC4BE23F4CBFF00618F48 /* clubhouse */ = {
			isa = PBXNativeTarget;
			buildConfigurationList = 3E7BC4E923F4CC0400618F48 /* Build configuration list for PBXNativeTarget "clubhouse" */;
			buildPhases = (
				F88CE00272DB37DEF32A7F1D /* [CP] Check Pods Manifest.lock */,
				3E7BC4BB23F4CBFF00618F48 /* Sources */,
				3E7BC4BC23F4CBFF00618F48 /* Frameworks */,
				3E7BC4BD23F4CBFF00618F48 /* Resources */,
				ED35BECB7E9B36001E10FB03 /* [CP] Embed Pods Frameworks */,
			);
			buildRules = (
			);
			dependencies = (
			);
			name = clubhouse;
			productName = clubhouse;
			productReference = 3E7BC4BF23F4CBFF00618F48 /* clubhouse.app */;
			productType = "com.apple.product-type.application";
		};
		3E7BC4D423F4CC0400618F48 /* clubhouseTests */ = {
			isa = PBXNativeTarget;
			buildConfigurationList = 3E7BC4EC23F4CC0400618F48 /* Build configuration list for PBXNativeTarget "clubhouseTests" */;
			buildPhases = (
				4C851DEA035B5D1088FF89E7 /* [CP] Check Pods Manifest.lock */,
				3E7BC4D123F4CC0400618F48 /* Sources */,
				3E7BC4D223F4CC0400618F48 /* Frameworks */,
				3E7BC4D323F4CC0400618F48 /* Resources */,
			);
			buildRules = (
			);
			dependencies = (
				3E7BC4D723F4CC0400618F48 /* PBXTargetDependency */,
			);
			name = clubhouseTests;
			productName = clubhouseTests;
			productReference = 3E7BC4D523F4CC0400618F48 /* clubhouseTests.xctest */;
			productType = "com.apple.product-type.bundle.unit-test";
		};
		3E7BC4DF23F4CC0400618F48 /* clubhouseUITests */ = {
			isa = PBXNativeTarget;
			buildConfigurationList = 3E7BC4EF23F4CC0400618F48 /* Build configuration list for PBXNativeTarget "clubhouseUITests" */;
			buildPhases = (
				3705C092FCD0FE140167B74C /* [CP] Check Pods Manifest.lock */,
				3E7BC4DC23F4CC0400618F48 /* Sources */,
				3E7BC4DD23F4CC0400618F48 /* Frameworks */,
				3E7BC4DE23F4CC0400618F48 /* Resources */,
				A17EB40DB846FA29DF598BF7 /* [CP] Embed Pods Frameworks */,
			);
			buildRules = (
			);
			dependencies = (
				3E7BC4E223F4CC0400618F48 /* PBXTargetDependency */,
			);
			name = clubhouseUITests;
			productName = clubhouseUITests;
			productReference = 3E7BC4E023F4CC0400618F48 /* clubhouseUITests.xctest */;
			productType = "com.apple.product-type.bundle.ui-testing";
		};
/* End PBXNativeTarget section */

/* Begin PBXProject section */
		3E7BC4B723F4CBFF00618F48 /* Project object */ = {
			isa = PBXProject;
			attributes = {
				LastSwiftUpdateCheck = 1130;
				LastUpgradeCheck = 1130;
				ORGANIZATIONNAME = "Samritha Nagesh";
				TargetAttributes = {
					3E7BC4BE23F4CBFF00618F48 = {
						CreatedOnToolsVersion = 11.3.1;
					};
					3E7BC4D423F4CC0400618F48 = {
						CreatedOnToolsVersion = 11.3.1;
						TestTargetID = 3E7BC4BE23F4CBFF00618F48;
					};
					3E7BC4DF23F4CC0400618F48 = {
						CreatedOnToolsVersion = 11.3.1;
						TestTargetID = 3E7BC4BE23F4CBFF00618F48;
					};
				};
			};
			buildConfigurationList = 3E7BC4BA23F4CBFF00618F48 /* Build configuration list for PBXProject "clubhouse" */;
			compatibilityVersion = "Xcode 9.3";
			developmentRegion = en;
			hasScannedForEncodings = 0;
			knownRegions = (
				en,
				Base,
			);
			mainGroup = 3E7BC4B623F4CBFF00618F48;
			productRefGroup = 3E7BC4C023F4CBFF00618F48 /* Products */;
			projectDirPath = "";
			projectRoot = "";
			targets = (
				3E7BC4BE23F4CBFF00618F48 /* clubhouse */,
				3E7BC4D423F4CC0400618F48 /* clubhouseTests */,
				3E7BC4DF23F4CC0400618F48 /* clubhouseUITests */,
			);
		};
/* End PBXProject section */

/* Begin PBXResourcesBuildPhase section */
		3E7BC4BD23F4CBFF00618F48 /* Resources */ = {
			isa = PBXResourcesBuildPhase;
			buildActionMask = 2147483647;
			files = (
				3EAE85772401F2B400951FEB /* Roboto-Medium.ttf in Resources */,
				3E7BC4CF23F4CC0300618F48 /* LaunchScreen.storyboard in Resources */,
<<<<<<< HEAD
				FF795CE52400AB820065E39E /* GoogleService-Info.plist in Resources */,
=======
				3EAE858B2401F2B400951FEB /* Roboto-LightItalic.ttf in Resources */,
				3EAE858F2401F2B400951FEB /* Roboto-BlackItalic.ttf in Resources */,
				3EAE857F2401F2B400951FEB /* Montserrat-ThinItalic.ttf in Resources */,
				3EAE85922401F2B400951FEB /* Roboto-Black.ttf in Resources */,
				3EAE85882401F2B400951FEB /* Montserrat-ThinItalic.ttf in Resources */,
				3EAE85842401F2B400951FEB /* Montserrat-BlackItalic.ttf in Resources */,
				3EAE857B2401F2B400951FEB /* Roboto-Regular.ttf in Resources */,
				3EAE85912401F2B400951FEB /* Roboto-Thin.ttf in Resources */,
				3EAE85872401F2B400951FEB /* Montserrat-ExtraBold.ttf in Resources */,
				3EAE85792401F2B400951FEB /* Roboto-Light.ttf in Resources */,
				3EAE85852401F2B400951FEB /* Montserrat-SemiBold.ttf in Resources */,
				3EAE858E2401F2B400951FEB /* Roboto-Italic.ttf in Resources */,
				3EAE85822401F2B400951FEB /* Montserrat-Bold.ttf in Resources */,
				3EAE858D2401F2B400951FEB /* Montserrat-Italic.ttf in Resources */,
				3EAE858A2401F2B400951FEB /* Montserrat-Black.ttf in Resources */,
				3EAE857A2401F2B400951FEB /* Montserrat-Medium.ttf in Resources */,
				3EAE858C2401F2B400951FEB /* Montserrat-Regular.ttf in Resources */,
				3EAE85812401F2B400951FEB /* Montserrat-Thin.ttf in Resources */,
				3EAE85892401F2B400951FEB /* Montserrat-BoldItalic.ttf in Resources */,
				3EAE85942401F2B400951FEB /* Montserrat-ExtraBoldItalic.ttf in Resources */,
				3EAE85782401F2B400951FEB /* Roboto-Light.ttf in Resources */,
				3EAE857E2401F2B400951FEB /* Montserrat-Light.ttf in Resources */,
				3EAE85832401F2B400951FEB /* Montserrat-MediumItalic.ttf in Resources */,
				3EAE85902401F2B400951FEB /* Roboto-Bold.ttf in Resources */,
				3EAE85802401F2B400951FEB /* Montserrat-ExtraLight.ttf in Resources */,
				3EAE85932401F2B400951FEB /* Montserrat-SemiBoldItalic.ttf in Resources */,
>>>>>>> d3e7bf3b1ac7aa401fdfe4ad663be92d15660657
				3E7BC4CC23F4CC0300618F48 /* Preview Assets.xcassets in Resources */,
				3EAE85862401F2B400951FEB /* Montserrat-ExtraLightItalic.ttf in Resources */,
				3EAE857C2401F2B400951FEB /* Roboto-MediumItalic.ttf in Resources */,
				3EAE857D2401F2B400951FEB /* Montserrat-SemiBoldItalic.ttf in Resources */,
				3E7BC4C923F4CC0300618F48 /* Assets.xcassets in Resources */,
			);
			runOnlyForDeploymentPostprocessing = 0;
		};
		3E7BC4D323F4CC0400618F48 /* Resources */ = {
			isa = PBXResourcesBuildPhase;
			buildActionMask = 2147483647;
			files = (
				FF795CE72400ABD00065E39E /* GoogleService-Info.plist in Resources */,
				FF795CEA2400ABE30065E39E /* GoogleService-Info.plist in Resources */,
			);
			runOnlyForDeploymentPostprocessing = 0;
		};
		3E7BC4DE23F4CC0400618F48 /* Resources */ = {
			isa = PBXResourcesBuildPhase;
			buildActionMask = 2147483647;
			files = (
				FF795CE82400ABD00065E39E /* GoogleService-Info.plist in Resources */,
				FF795CEB2400ABE30065E39E /* GoogleService-Info.plist in Resources */,
			);
			runOnlyForDeploymentPostprocessing = 0;
		};
/* End PBXResourcesBuildPhase section */

/* Begin PBXShellScriptBuildPhase section */
		3705C092FCD0FE140167B74C /* [CP] Check Pods Manifest.lock */ = {
			isa = PBXShellScriptBuildPhase;
			buildActionMask = 2147483647;
			files = (
			);
			inputFileListPaths = (
			);
			inputPaths = (
				"${PODS_PODFILE_DIR_PATH}/Podfile.lock",
				"${PODS_ROOT}/Manifest.lock",
			);
			name = "[CP] Check Pods Manifest.lock";
			outputFileListPaths = (
			);
			outputPaths = (
				"$(DERIVED_FILE_DIR)/Pods-clubhouse-clubhouseUITests-checkManifestLockResult.txt",
			);
			runOnlyForDeploymentPostprocessing = 0;
			shellPath = /bin/sh;
			shellScript = "diff \"${PODS_PODFILE_DIR_PATH}/Podfile.lock\" \"${PODS_ROOT}/Manifest.lock\" > /dev/null\nif [ $? != 0 ] ; then\n    # print error to STDERR\n    echo \"error: The sandbox is not in sync with the Podfile.lock. Run 'pod install' or update your CocoaPods installation.\" >&2\n    exit 1\nfi\n# This output is used by Xcode 'outputs' to avoid re-running this script phase.\necho \"SUCCESS\" > \"${SCRIPT_OUTPUT_FILE_0}\"\n";
			showEnvVarsInLog = 0;
		};
		4C851DEA035B5D1088FF89E7 /* [CP] Check Pods Manifest.lock */ = {
			isa = PBXShellScriptBuildPhase;
			buildActionMask = 2147483647;
			files = (
			);
			inputFileListPaths = (
			);
			inputPaths = (
				"${PODS_PODFILE_DIR_PATH}/Podfile.lock",
				"${PODS_ROOT}/Manifest.lock",
			);
			name = "[CP] Check Pods Manifest.lock";
			outputFileListPaths = (
			);
			outputPaths = (
				"$(DERIVED_FILE_DIR)/Pods-clubhouseTests-checkManifestLockResult.txt",
			);
			runOnlyForDeploymentPostprocessing = 0;
			shellPath = /bin/sh;
			shellScript = "diff \"${PODS_PODFILE_DIR_PATH}/Podfile.lock\" \"${PODS_ROOT}/Manifest.lock\" > /dev/null\nif [ $? != 0 ] ; then\n    # print error to STDERR\n    echo \"error: The sandbox is not in sync with the Podfile.lock. Run 'pod install' or update your CocoaPods installation.\" >&2\n    exit 1\nfi\n# This output is used by Xcode 'outputs' to avoid re-running this script phase.\necho \"SUCCESS\" > \"${SCRIPT_OUTPUT_FILE_0}\"\n";
			showEnvVarsInLog = 0;
		};
		A17EB40DB846FA29DF598BF7 /* [CP] Embed Pods Frameworks */ = {
			isa = PBXShellScriptBuildPhase;
			buildActionMask = 2147483647;
			files = (
			);
			inputFileListPaths = (
				"${PODS_ROOT}/Target Support Files/Pods-clubhouse-clubhouseUITests/Pods-clubhouse-clubhouseUITests-frameworks-${CONFIGURATION}-input-files.xcfilelist",
			);
			name = "[CP] Embed Pods Frameworks";
			outputFileListPaths = (
				"${PODS_ROOT}/Target Support Files/Pods-clubhouse-clubhouseUITests/Pods-clubhouse-clubhouseUITests-frameworks-${CONFIGURATION}-output-files.xcfilelist",
			);
			runOnlyForDeploymentPostprocessing = 0;
			shellPath = /bin/sh;
			shellScript = "\"${PODS_ROOT}/Target Support Files/Pods-clubhouse-clubhouseUITests/Pods-clubhouse-clubhouseUITests-frameworks.sh\"\n";
			showEnvVarsInLog = 0;
		};
		ED35BECB7E9B36001E10FB03 /* [CP] Embed Pods Frameworks */ = {
			isa = PBXShellScriptBuildPhase;
			buildActionMask = 2147483647;
			files = (
			);
			inputFileListPaths = (
				"${PODS_ROOT}/Target Support Files/Pods-clubhouse/Pods-clubhouse-frameworks-${CONFIGURATION}-input-files.xcfilelist",
			);
			name = "[CP] Embed Pods Frameworks";
			outputFileListPaths = (
				"${PODS_ROOT}/Target Support Files/Pods-clubhouse/Pods-clubhouse-frameworks-${CONFIGURATION}-output-files.xcfilelist",
			);
			runOnlyForDeploymentPostprocessing = 0;
			shellPath = /bin/sh;
			shellScript = "\"${PODS_ROOT}/Target Support Files/Pods-clubhouse/Pods-clubhouse-frameworks.sh\"\n";
			showEnvVarsInLog = 0;
		};
		F88CE00272DB37DEF32A7F1D /* [CP] Check Pods Manifest.lock */ = {
			isa = PBXShellScriptBuildPhase;
			buildActionMask = 2147483647;
			files = (
			);
			inputFileListPaths = (
			);
			inputPaths = (
				"${PODS_PODFILE_DIR_PATH}/Podfile.lock",
				"${PODS_ROOT}/Manifest.lock",
			);
			name = "[CP] Check Pods Manifest.lock";
			outputFileListPaths = (
			);
			outputPaths = (
				"$(DERIVED_FILE_DIR)/Pods-clubhouse-checkManifestLockResult.txt",
			);
			runOnlyForDeploymentPostprocessing = 0;
			shellPath = /bin/sh;
			shellScript = "diff \"${PODS_PODFILE_DIR_PATH}/Podfile.lock\" \"${PODS_ROOT}/Manifest.lock\" > /dev/null\nif [ $? != 0 ] ; then\n    # print error to STDERR\n    echo \"error: The sandbox is not in sync with the Podfile.lock. Run 'pod install' or update your CocoaPods installation.\" >&2\n    exit 1\nfi\n# This output is used by Xcode 'outputs' to avoid re-running this script phase.\necho \"SUCCESS\" > \"${SCRIPT_OUTPUT_FILE_0}\"\n";
			showEnvVarsInLog = 0;
		};
/* End PBXShellScriptBuildPhase section */

/* Begin PBXSourcesBuildPhase section */
		3E7BC4BB23F4CBFF00618F48 /* Sources */ = {
			isa = PBXSourcesBuildPhase;
			buildActionMask = 2147483647;
			files = (
				3E99397E240752CD001B19AD /* studentProfileHome.swift in Sources */,
				3E81AD1624084F0800A795A2 /* studentProfileEdit.swift in Sources */,
				E25B6D95240883E20069FFC2 /* studentExplore.swift in Sources */,
				3ED88FEA23F4D1B600EF3C0F /* clubProfileEdit.swift in Sources */,
				3E5A0E3123F71E22002CDB34 /* clubRegister2.swift in Sources */,
				3E7BC4C323F4CBFF00618F48 /* AppDelegate.swift in Sources */,
				E25B6D94240883E20069FFC2 /* circleImage.swift in Sources */,
				3E7BC4C523F4CBFF00618F48 /* SceneDelegate.swift in Sources */,
				3EAE851623F8E55D00951FEB /* clubRegister3.swift in Sources */,
				3E7BC4C723F4CBFF00618F48 /* LoginHome.swift in Sources */,
				3E99397C240745E6001B19AD /* imagePicker.swift in Sources */,
				3EAE85552401F03D00951FEB /* studentRegister1.swift in Sources */,
				3E06294423F627A800F1A9BD /* clubRegister1.swift in Sources */,
				3ED88FEC23F4DF3E00EF3C0F /* clubProfileHome.swift in Sources */,
				3EAE85972401F6E000951FEB /* studentRegister2.swift in Sources */,
			);
			runOnlyForDeploymentPostprocessing = 0;
		};
		3E7BC4D123F4CC0400618F48 /* Sources */ = {
			isa = PBXSourcesBuildPhase;
			buildActionMask = 2147483647;
			files = (
				3E7BC4DA23F4CC0400618F48 /* clubhouseTests.swift in Sources */,
			);
			runOnlyForDeploymentPostprocessing = 0;
		};
		3E7BC4DC23F4CC0400618F48 /* Sources */ = {
			isa = PBXSourcesBuildPhase;
			buildActionMask = 2147483647;
			files = (
				3E7BC4E523F4CC0400618F48 /* clubhouseUITests.swift in Sources */,
			);
			runOnlyForDeploymentPostprocessing = 0;
		};
/* End PBXSourcesBuildPhase section */

/* Begin PBXTargetDependency section */
		3E7BC4D723F4CC0400618F48 /* PBXTargetDependency */ = {
			isa = PBXTargetDependency;
			target = 3E7BC4BE23F4CBFF00618F48 /* clubhouse */;
			targetProxy = 3E7BC4D623F4CC0400618F48 /* PBXContainerItemProxy */;
		};
		3E7BC4E223F4CC0400618F48 /* PBXTargetDependency */ = {
			isa = PBXTargetDependency;
			target = 3E7BC4BE23F4CBFF00618F48 /* clubhouse */;
			targetProxy = 3E7BC4E123F4CC0400618F48 /* PBXContainerItemProxy */;
		};
/* End PBXTargetDependency section */

/* Begin PBXVariantGroup section */
		3E7BC4CD23F4CC0300618F48 /* LaunchScreen.storyboard */ = {
			isa = PBXVariantGroup;
			children = (
				3E7BC4CE23F4CC0300618F48 /* Base */,
			);
			name = LaunchScreen.storyboard;
			sourceTree = "<group>";
		};
/* End PBXVariantGroup section */

/* Begin XCBuildConfiguration section */
		3E7BC4E723F4CC0400618F48 /* Debug */ = {
			isa = XCBuildConfiguration;
			buildSettings = {
				ALWAYS_SEARCH_USER_PATHS = NO;
				CLANG_ANALYZER_NONNULL = YES;
				CLANG_ANALYZER_NUMBER_OBJECT_CONVERSION = YES_AGGRESSIVE;
				CLANG_CXX_LANGUAGE_STANDARD = "gnu++14";
				CLANG_CXX_LIBRARY = "libc++";
				CLANG_ENABLE_MODULES = YES;
				CLANG_ENABLE_OBJC_ARC = YES;
				CLANG_ENABLE_OBJC_WEAK = YES;
				CLANG_WARN_BLOCK_CAPTURE_AUTORELEASING = YES;
				CLANG_WARN_BOOL_CONVERSION = YES;
				CLANG_WARN_COMMA = YES;
				CLANG_WARN_CONSTANT_CONVERSION = YES;
				CLANG_WARN_DEPRECATED_OBJC_IMPLEMENTATIONS = YES;
				CLANG_WARN_DIRECT_OBJC_ISA_USAGE = YES_ERROR;
				CLANG_WARN_DOCUMENTATION_COMMENTS = YES;
				CLANG_WARN_EMPTY_BODY = YES;
				CLANG_WARN_ENUM_CONVERSION = YES;
				CLANG_WARN_INFINITE_RECURSION = YES;
				CLANG_WARN_INT_CONVERSION = YES;
				CLANG_WARN_NON_LITERAL_NULL_CONVERSION = YES;
				CLANG_WARN_OBJC_IMPLICIT_RETAIN_SELF = YES;
				CLANG_WARN_OBJC_LITERAL_CONVERSION = YES;
				CLANG_WARN_OBJC_ROOT_CLASS = YES_ERROR;
				CLANG_WARN_RANGE_LOOP_ANALYSIS = YES;
				CLANG_WARN_STRICT_PROTOTYPES = YES;
				CLANG_WARN_SUSPICIOUS_MOVE = YES;
				CLANG_WARN_UNGUARDED_AVAILABILITY = YES_AGGRESSIVE;
				CLANG_WARN_UNREACHABLE_CODE = YES;
				CLANG_WARN__DUPLICATE_METHOD_MATCH = YES;
				COPY_PHASE_STRIP = NO;
				DEBUG_INFORMATION_FORMAT = dwarf;
				ENABLE_STRICT_OBJC_MSGSEND = YES;
				ENABLE_TESTABILITY = YES;
				GCC_C_LANGUAGE_STANDARD = gnu11;
				GCC_DYNAMIC_NO_PIC = NO;
				GCC_NO_COMMON_BLOCKS = YES;
				GCC_OPTIMIZATION_LEVEL = 0;
				GCC_PREPROCESSOR_DEFINITIONS = (
					"DEBUG=1",
					"$(inherited)",
				);
				GCC_WARN_64_TO_32_BIT_CONVERSION = YES;
				GCC_WARN_ABOUT_RETURN_TYPE = YES_ERROR;
				GCC_WARN_UNDECLARED_SELECTOR = YES;
				GCC_WARN_UNINITIALIZED_AUTOS = YES_AGGRESSIVE;
				GCC_WARN_UNUSED_FUNCTION = YES;
				GCC_WARN_UNUSED_VARIABLE = YES;
				IPHONEOS_DEPLOYMENT_TARGET = 13.2;
				MTL_ENABLE_DEBUG_INFO = INCLUDE_SOURCE;
				MTL_FAST_MATH = YES;
				ONLY_ACTIVE_ARCH = YES;
				SDKROOT = iphoneos;
				SWIFT_ACTIVE_COMPILATION_CONDITIONS = DEBUG;
				SWIFT_OPTIMIZATION_LEVEL = "-Onone";
			};
			name = Debug;
		};
		3E7BC4E823F4CC0400618F48 /* Release */ = {
			isa = XCBuildConfiguration;
			buildSettings = {
				ALWAYS_SEARCH_USER_PATHS = NO;
				CLANG_ANALYZER_NONNULL = YES;
				CLANG_ANALYZER_NUMBER_OBJECT_CONVERSION = YES_AGGRESSIVE;
				CLANG_CXX_LANGUAGE_STANDARD = "gnu++14";
				CLANG_CXX_LIBRARY = "libc++";
				CLANG_ENABLE_MODULES = YES;
				CLANG_ENABLE_OBJC_ARC = YES;
				CLANG_ENABLE_OBJC_WEAK = YES;
				CLANG_WARN_BLOCK_CAPTURE_AUTORELEASING = YES;
				CLANG_WARN_BOOL_CONVERSION = YES;
				CLANG_WARN_COMMA = YES;
				CLANG_WARN_CONSTANT_CONVERSION = YES;
				CLANG_WARN_DEPRECATED_OBJC_IMPLEMENTATIONS = YES;
				CLANG_WARN_DIRECT_OBJC_ISA_USAGE = YES_ERROR;
				CLANG_WARN_DOCUMENTATION_COMMENTS = YES;
				CLANG_WARN_EMPTY_BODY = YES;
				CLANG_WARN_ENUM_CONVERSION = YES;
				CLANG_WARN_INFINITE_RECURSION = YES;
				CLANG_WARN_INT_CONVERSION = YES;
				CLANG_WARN_NON_LITERAL_NULL_CONVERSION = YES;
				CLANG_WARN_OBJC_IMPLICIT_RETAIN_SELF = YES;
				CLANG_WARN_OBJC_LITERAL_CONVERSION = YES;
				CLANG_WARN_OBJC_ROOT_CLASS = YES_ERROR;
				CLANG_WARN_RANGE_LOOP_ANALYSIS = YES;
				CLANG_WARN_STRICT_PROTOTYPES = YES;
				CLANG_WARN_SUSPICIOUS_MOVE = YES;
				CLANG_WARN_UNGUARDED_AVAILABILITY = YES_AGGRESSIVE;
				CLANG_WARN_UNREACHABLE_CODE = YES;
				CLANG_WARN__DUPLICATE_METHOD_MATCH = YES;
				COPY_PHASE_STRIP = NO;
				DEBUG_INFORMATION_FORMAT = "dwarf-with-dsym";
				ENABLE_NS_ASSERTIONS = NO;
				ENABLE_STRICT_OBJC_MSGSEND = YES;
				GCC_C_LANGUAGE_STANDARD = gnu11;
				GCC_NO_COMMON_BLOCKS = YES;
				GCC_WARN_64_TO_32_BIT_CONVERSION = YES;
				GCC_WARN_ABOUT_RETURN_TYPE = YES_ERROR;
				GCC_WARN_UNDECLARED_SELECTOR = YES;
				GCC_WARN_UNINITIALIZED_AUTOS = YES_AGGRESSIVE;
				GCC_WARN_UNUSED_FUNCTION = YES;
				GCC_WARN_UNUSED_VARIABLE = YES;
				IPHONEOS_DEPLOYMENT_TARGET = 13.2;
				MTL_ENABLE_DEBUG_INFO = NO;
				MTL_FAST_MATH = YES;
				SDKROOT = iphoneos;
				SWIFT_COMPILATION_MODE = wholemodule;
				SWIFT_OPTIMIZATION_LEVEL = "-O";
				VALIDATE_PRODUCT = YES;
			};
			name = Release;
		};
		3E7BC4EA23F4CC0400618F48 /* Debug */ = {
			isa = XCBuildConfiguration;
			baseConfigurationReference = 623969A0400A8087F1A26CF8 /* Pods-clubhouse.debug.xcconfig */;
			buildSettings = {
				ASSETCATALOG_COMPILER_APPICON_NAME = AppIcon;
				CODE_SIGN_STYLE = Automatic;
				DEVELOPMENT_ASSET_PATHS = "\"clubhouse/Preview Content\"";
				ENABLE_PREVIEWS = YES;
				INFOPLIST_FILE = clubhouse/Info.plist;
				LD_RUNPATH_SEARCH_PATHS = (
					"$(inherited)",
					"@executable_path/Frameworks",
				);
				PRODUCT_BUNDLE_IDENTIFIER = cs33.clubhouse;
				PRODUCT_NAME = "$(TARGET_NAME)";
				SWIFT_VERSION = 5.0;
				TARGETED_DEVICE_FAMILY = "1,2";
			};
			name = Debug;
		};
		3E7BC4EB23F4CC0400618F48 /* Release */ = {
			isa = XCBuildConfiguration;
			baseConfigurationReference = 8870ECF0217FD4AC7DBDB864 /* Pods-clubhouse.release.xcconfig */;
			buildSettings = {
				ASSETCATALOG_COMPILER_APPICON_NAME = AppIcon;
				CODE_SIGN_STYLE = Automatic;
				DEVELOPMENT_ASSET_PATHS = "\"clubhouse/Preview Content\"";
				ENABLE_PREVIEWS = YES;
				INFOPLIST_FILE = clubhouse/Info.plist;
				LD_RUNPATH_SEARCH_PATHS = (
					"$(inherited)",
					"@executable_path/Frameworks",
				);
				PRODUCT_BUNDLE_IDENTIFIER = cs33.clubhouse;
				PRODUCT_NAME = "$(TARGET_NAME)";
				SWIFT_VERSION = 5.0;
				TARGETED_DEVICE_FAMILY = "1,2";
			};
			name = Release;
		};
		3E7BC4ED23F4CC0400618F48 /* Debug */ = {
			isa = XCBuildConfiguration;
			baseConfigurationReference = 7DD8C11EEA3EDB8124960665 /* Pods-clubhouseTests.debug.xcconfig */;
			buildSettings = {
				ALWAYS_EMBED_SWIFT_STANDARD_LIBRARIES = YES;
				BUNDLE_LOADER = "$(TEST_HOST)";
				CODE_SIGN_STYLE = Automatic;
				INFOPLIST_FILE = clubhouseTests/Info.plist;
				IPHONEOS_DEPLOYMENT_TARGET = 13.2;
				LD_RUNPATH_SEARCH_PATHS = (
					"$(inherited)",
					"@executable_path/Frameworks",
					"@loader_path/Frameworks",
				);
				PRODUCT_BUNDLE_IDENTIFIER = cs33.clubhouseTests;
				PRODUCT_NAME = "$(TARGET_NAME)";
				SWIFT_VERSION = 5.0;
				TARGETED_DEVICE_FAMILY = "1,2";
				TEST_HOST = "$(BUILT_PRODUCTS_DIR)/clubhouse.app/clubhouse";
			};
			name = Debug;
		};
		3E7BC4EE23F4CC0400618F48 /* Release */ = {
			isa = XCBuildConfiguration;
			baseConfigurationReference = 47BB43857908AEDE0E0B0B03 /* Pods-clubhouseTests.release.xcconfig */;
			buildSettings = {
				ALWAYS_EMBED_SWIFT_STANDARD_LIBRARIES = YES;
				BUNDLE_LOADER = "$(TEST_HOST)";
				CODE_SIGN_STYLE = Automatic;
				INFOPLIST_FILE = clubhouseTests/Info.plist;
				IPHONEOS_DEPLOYMENT_TARGET = 13.2;
				LD_RUNPATH_SEARCH_PATHS = (
					"$(inherited)",
					"@executable_path/Frameworks",
					"@loader_path/Frameworks",
				);
				PRODUCT_BUNDLE_IDENTIFIER = cs33.clubhouseTests;
				PRODUCT_NAME = "$(TARGET_NAME)";
				SWIFT_VERSION = 5.0;
				TARGETED_DEVICE_FAMILY = "1,2";
				TEST_HOST = "$(BUILT_PRODUCTS_DIR)/clubhouse.app/clubhouse";
			};
			name = Release;
		};
		3E7BC4F023F4CC0400618F48 /* Debug */ = {
			isa = XCBuildConfiguration;
			baseConfigurationReference = 7DB8387FFAE5A97E058B61E8 /* Pods-clubhouse-clubhouseUITests.debug.xcconfig */;
			buildSettings = {
				ALWAYS_EMBED_SWIFT_STANDARD_LIBRARIES = YES;
				CODE_SIGN_STYLE = Automatic;
				INFOPLIST_FILE = clubhouseUITests/Info.plist;
				LD_RUNPATH_SEARCH_PATHS = (
					"$(inherited)",
					"@executable_path/Frameworks",
					"@loader_path/Frameworks",
				);
				PRODUCT_BUNDLE_IDENTIFIER = cs33.clubhouseUITests;
				PRODUCT_NAME = "$(TARGET_NAME)";
				SWIFT_VERSION = 5.0;
				TARGETED_DEVICE_FAMILY = "1,2";
				TEST_TARGET_NAME = clubhouse;
			};
			name = Debug;
		};
		3E7BC4F123F4CC0400618F48 /* Release */ = {
			isa = XCBuildConfiguration;
			baseConfigurationReference = 6BA7E73E036933971C3F3650 /* Pods-clubhouse-clubhouseUITests.release.xcconfig */;
			buildSettings = {
				ALWAYS_EMBED_SWIFT_STANDARD_LIBRARIES = YES;
				CODE_SIGN_STYLE = Automatic;
				INFOPLIST_FILE = clubhouseUITests/Info.plist;
				LD_RUNPATH_SEARCH_PATHS = (
					"$(inherited)",
					"@executable_path/Frameworks",
					"@loader_path/Frameworks",
				);
				PRODUCT_BUNDLE_IDENTIFIER = cs33.clubhouseUITests;
				PRODUCT_NAME = "$(TARGET_NAME)";
				SWIFT_VERSION = 5.0;
				TARGETED_DEVICE_FAMILY = "1,2";
				TEST_TARGET_NAME = clubhouse;
			};
			name = Release;
		};
/* End XCBuildConfiguration section */

/* Begin XCConfigurationList section */
		3E7BC4BA23F4CBFF00618F48 /* Build configuration list for PBXProject "clubhouse" */ = {
			isa = XCConfigurationList;
			buildConfigurations = (
				3E7BC4E723F4CC0400618F48 /* Debug */,
				3E7BC4E823F4CC0400618F48 /* Release */,
			);
			defaultConfigurationIsVisible = 0;
			defaultConfigurationName = Release;
		};
		3E7BC4E923F4CC0400618F48 /* Build configuration list for PBXNativeTarget "clubhouse" */ = {
			isa = XCConfigurationList;
			buildConfigurations = (
				3E7BC4EA23F4CC0400618F48 /* Debug */,
				3E7BC4EB23F4CC0400618F48 /* Release */,
			);
			defaultConfigurationIsVisible = 0;
			defaultConfigurationName = Release;
		};
		3E7BC4EC23F4CC0400618F48 /* Build configuration list for PBXNativeTarget "clubhouseTests" */ = {
			isa = XCConfigurationList;
			buildConfigurations = (
				3E7BC4ED23F4CC0400618F48 /* Debug */,
				3E7BC4EE23F4CC0400618F48 /* Release */,
			);
			defaultConfigurationIsVisible = 0;
			defaultConfigurationName = Release;
		};
		3E7BC4EF23F4CC0400618F48 /* Build configuration list for PBXNativeTarget "clubhouseUITests" */ = {
			isa = XCConfigurationList;
			buildConfigurations = (
				3E7BC4F023F4CC0400618F48 /* Debug */,
				3E7BC4F123F4CC0400618F48 /* Release */,
			);
			defaultConfigurationIsVisible = 0;
			defaultConfigurationName = Release;
		};
/* End XCConfigurationList section */
	};
	rootObject = 3E7BC4B723F4CBFF00618F48 /* Project object */;
}
